{
  "name": "rollup-plugin-dgnotify",
  "version": "0.1.2",
  "lockfileVersion": 1,
  "requires": true,
  "dependencies": {
    "fsevents": {
      "version": "2.1.2",
      "resolved": "https://registry.npmjs.org/fsevents/-/fsevents-2.1.2.tgz",
      "integrity": "sha512-R4wDiBwZ0KzpgOWetKDug1FZcYhqYnUYKtfZYt4mD5SBz76q0KR4Q9o7GIPamsVPGmW3EYPPJ0dOOjvx32ldZA==",
      "dev": true,
      "optional": true
    },
    "qsrv": {
      "version": "0.1.2",
      "resolved": "https://registry.npmjs.org/qsrv/-/qsrv-0.1.2.tgz",
      "integrity": "sha512-PUVt0ciWijQddiAaBKXg9VK3tQCK5JK8S5J8HPy9xMFkAY7BLlS9J9wuCRoag6UHdNj5jdZ/P0oT2Pi/T3G4IQ==",
      "dev": true
    },
    "rollup": {
      "version": "2.6.1",
      "resolved": "https://registry.npmjs.org/rollup/-/rollup-2.6.1.tgz",
      "integrity": "sha512-1RhFDRJeg027YjBO6+JxmVWkEZY0ASztHhoEUEWxOwkh4mjO58TFD6Uo7T7Y3FbmDpRTfKhM5NVxJyimCn0Elg==",
      "dev": true,
      "requires": {
        "fsevents": "~2.1.2"
      }
    },
    "rollup-plugin-jsy": {
      "version": "1.6.4",
      "resolved": "https://registry.npmjs.org/rollup-plugin-jsy/-/rollup-plugin-jsy-1.6.4.tgz",
      "integrity": "sha512-no7+6z7I+UwKzaG4KC4Jr4HjMMMlSNISAHfRycuYwKteZ11pPSzBS9VFrKtvMIhB/BpfDyG2Z/8LK/oH6K2bmg==",
      "dev": true
    }
  }
}
